# This file is autogenerated, do not edit; changes may be undone by the next 'dep ensure'.


[[projects]]
  branch = "master"
  digest = "1:f16174e865401289e2edf1a43269cfeb0dea7b956d5060f2a7cd6118dedf20a5"
  name = "github.com/iovisor/gobpf"
  packages = [
    "bcc",
    "pkg/cpuonline",
  ]
  pruneopts = "UT"
  revision = "98ebf56442afb10e1b43145127de3c1777ed7e95"

[solve-meta]
  analyzer-name = "dep"
  analyzer-version = 1
  input-imports = ["github.com/iovisor/gobpf/bcc"]
  solver-name = "gps-cdcl"
  solver-version = 1
